
Microsoft Visual Studio Solution File, Format Version 12.00
# Visual Studio 15
VisualStudioVersion = 15.0.28307.852
MinimumVisualStudioVersion = 10.0.40219.1
Project("{FAE04EC0-301F-11D3-BF4B-00C04F79EFBC}") = "TokensBuilder", "TokensBuilder\TokensBuilder.csproj", "{A9BBE161-787C-452E-BB09-7DE2FFB4387E}"
EndProject
Global
	GlobalSection(SolutionConfigurationPlatforms) = preSolution
		Debug|Any CPU = Debug|Any CPU
		Release|Any CPU = Release|Any CPU
	EndGlobalSection
	GlobalSection(ProjectConfigurationPlatforms) = postSolution
		{A9BBE161-787C-452E-BB09-7DE2FFB4387E}.Debug|Any CPU.ActiveCfg = Debug|Any CPU
		{A9BBE161-787C-452E-BB09-7DE2FFB4387E}.Debug|Any CPU.Build.0 = Debug|Any CPU
		{A9BBE161-787C-452E-BB09-7DE2FFB4387E}.Release|Any CPU.ActiveCfg = Release|Any CPU
		{A9BBE161-787C-452E-BB09-7DE2FFB4387E}.Release|Any CPU.Build.0 = Release|Any CPU
	EndGlobalSection
	GlobalSection(SolutionProperties) = preSolution
		HideSolutionNode = FALSE
	EndGlobalSection
	GlobalSection(ExtensibilityGlobals) = postSolution
		SolutionGuid = {D8BA5352-E63D-477E-B955-35C9878748A8}
	EndGlobalSection
EndGlobal
